
Microsoft Visual Studio Solution File, Format Version 12.00
# Visual Studio Version 16
VisualStudioVersion = 16.0.31019.35
MinimumVisualStudioVersion = 10.0.40219.1
Project("{9A19103F-16F7-4668-BE54-9A1E7A4F7556}") = "Dictionary.Data", "Dictionary.Data\Dictionary.Data.csproj", "{2206CC88-1A67-48E7-A684-3CA6846822BC}"
EndProject
Project("{9A19103F-16F7-4668-BE54-9A1E7A4F7556}") = "Dictionary.Web", "Dictionary.Web\Dictionary.Web.csproj", "{5B939B0A-B717-4163-B3B2-0949C1281FFA}"
EndProject
Project("{FAE04EC0-301F-11D3-BF4B-00C04F79EFBC}") = "Dictionary.Web.Models", "Dictionary.Web.Models\Dictionary.Web.Models.csproj", "{2F96AC97-B90E-4106-9BA3-84A17E5C73DD}"
EndProject
Global
	GlobalSection(SolutionConfigurationPlatforms) = preSolution
		Debug|Any CPU = Debug|Any CPU
		Release|Any CPU = Release|Any CPU
	EndGlobalSection
	GlobalSection(ProjectConfigurationPlatforms) = postSolution
		{2206CC88-1A67-48E7-A684-3CA6846822BC}.Debug|Any CPU.ActiveCfg = Debug|Any CPU
		{2206CC88-1A67-48E7-A684-3CA6846822BC}.Debug|Any CPU.Build.0 = Debug|Any CPU
		{2206CC88-1A67-48E7-A684-3CA6846822BC}.Release|Any CPU.ActiveCfg = Release|Any CPU
		{2206CC88-1A67-48E7-A684-3CA6846822BC}.Release|Any CPU.Build.0 = Release|Any CPU
		{5B939B0A-B717-4163-B3B2-0949C1281FFA}.Debug|Any CPU.ActiveCfg = Debug|Any CPU
		{5B939B0A-B717-4163-B3B2-0949C1281FFA}.Debug|Any CPU.Build.0 = Debug|Any CPU
		{5B939B0A-B717-4163-B3B2-0949C1281FFA}.Release|Any CPU.ActiveCfg = Release|Any CPU
		{5B939B0A-B717-4163-B3B2-0949C1281FFA}.Release|Any CPU.Build.0 = Release|Any CPU
		{2F96AC97-B90E-4106-9BA3-84A17E5C73DD}.Debug|Any CPU.ActiveCfg = Debug|Any CPU
		{2F96AC97-B90E-4106-9BA3-84A17E5C73DD}.Debug|Any CPU.Build.0 = Debug|Any CPU
		{2F96AC97-B90E-4106-9BA3-84A17E5C73DD}.Release|Any CPU.ActiveCfg = Release|Any CPU
		{2F96AC97-B90E-4106-9BA3-84A17E5C73DD}.Release|Any CPU.Build.0 = Release|Any CPU
	EndGlobalSection
	GlobalSection(SolutionProperties) = preSolution
		HideSolutionNode = FALSE
	EndGlobalSection
	GlobalSection(ExtensibilityGlobals) = postSolution
		SolutionGuid = {833B1F59-DBB9-4D30-988A-7BBEE5BBD087}
	EndGlobalSection
EndGlobal
